{
  "originHash" : "86cb3b537218b477f8b131a7b61e3563cf2ccb98e0d85684afab074c2eca94fd",
  "pins" : [
    {
      "identity" : "reclaim-inapp-ios-sdk",
      "kind" : "remoteSourceControl",
      "location" : "https://github.com/reclaimprotocol/reclaim-inapp-ios-sdk",
      "state" : {
        "branch" : "patch-privacy",
        "revision" : "a918682d459103892c811d6325e986bad31b4baf"
      }
    }
  ],
  "version" : 3
}
