{
  "originHash" : "86cb3b537218b477f8b131a7b61e3563cf2ccb98e0d85684afab074c2eca94fd",
  "pins" : [
    {
      "identity" : "reclaim-inapp-ios-sdk",
      "kind" : "remoteSourceControl",
      "location" : "https://github.com/reclaimprotocol/reclaim-inapp-ios-sdk",
      "state" : {
        "revision" : "aae59e5833cba9f221a9d31f88c23136419d62b4",
        "version" : "0.5.0"
      }
    }
  ],
  "version" : 3
}
