{
  "originHash" : "86cb3b537218b477f8b131a7b61e3563cf2ccb98e0d85684afab074c2eca94fd",
  "pins" : [
    {
      "identity" : "reclaim-inapp-ios-sdk",
      "kind" : "remoteSourceControl",
      "location" : "https://github.com/reclaimprotocol/reclaim-inapp-ios-sdk",
      "state" : {
        "revision" : "c9f1f0158ef68b6513284d5db62d6949c58a64a6",
        "version" : "0.4.0"
      }
    }
  ],
  "version" : 3
}
